
Microsoft Visual Studio Solution File, Format Version 12.00
# Visual Studio 15
VisualStudioVersion = 15.0.27703.2047
MinimumVisualStudioVersion = 10.0.40219.1
Project("{9A19103F-16F7-4668-BE54-9A1E7A4F7556}") = "YotaSpeedSwitcher", "YotaSpeedSwitcher\YotaSpeedSwitcher.csproj", "{5715C2C8-D50A-42E6-A68C-7FAF62996364}"
EndProject
Project("{FAE04EC0-301F-11D3-BF4B-00C04F79EFBC}") = "YotaSpeedSwitcherService", "YotaSpeedSwitcherService\YotaSpeedSwitcherService.csproj", "{E246D32E-3013-477D-9F22-A1E98D9F4C01}"
EndProject
Global
	GlobalSection(SolutionConfigurationPlatforms) = preSolution
		Debug|Any CPU = Debug|Any CPU
		Release|Any CPU = Release|Any CPU
	EndGlobalSection
	GlobalSection(ProjectConfigurationPlatforms) = postSolution
		{5715C2C8-D50A-42E6-A68C-7FAF62996364}.Debug|Any CPU.ActiveCfg = Debug|Any CPU
		{5715C2C8-D50A-42E6-A68C-7FAF62996364}.Debug|Any CPU.Build.0 = Debug|Any CPU
		{5715C2C8-D50A-42E6-A68C-7FAF62996364}.Release|Any CPU.ActiveCfg = Release|Any CPU
		{5715C2C8-D50A-42E6-A68C-7FAF62996364}.Release|Any CPU.Build.0 = Release|Any CPU
		{E246D32E-3013-477D-9F22-A1E98D9F4C01}.Debug|Any CPU.ActiveCfg = Debug|Any CPU
		{E246D32E-3013-477D-9F22-A1E98D9F4C01}.Debug|Any CPU.Build.0 = Debug|Any CPU
		{E246D32E-3013-477D-9F22-A1E98D9F4C01}.Release|Any CPU.ActiveCfg = Release|Any CPU
		{E246D32E-3013-477D-9F22-A1E98D9F4C01}.Release|Any CPU.Build.0 = Release|Any CPU
	EndGlobalSection
	GlobalSection(SolutionProperties) = preSolution
		HideSolutionNode = FALSE
	EndGlobalSection
	GlobalSection(ExtensibilityGlobals) = postSolution
		SolutionGuid = {1461C034-B80D-437C-A22D-76046B680CC9}
	EndGlobalSection
EndGlobal
